
Microsoft Visual Studio Solution File, Format Version 12.00
# Visual Studio Version 17
VisualStudioVersion = 17.1.32328.378
MinimumVisualStudioVersion = 10.0.40219.1
Project("{FAE04EC0-301F-11D3-BF4B-00C04F79EFBC}") = "WebApplication1", "WebApplication1\WebApplication1.csproj", "{2F39E398-723D-4851-95AA-6875BC5C3736}"
EndProject
Global
	GlobalSection(SolutionConfigurationPlatforms) = preSolution
		Debug|Any CPU = Debug|Any CPU
		Release|Any CPU = Release|Any CPU
	EndGlobalSection
	GlobalSection(ProjectConfigurationPlatforms) = postSolution
		{2F39E398-723D-4851-95AA-6875BC5C3736}.Debug|Any CPU.ActiveCfg = Debug|Any CPU
		{2F39E398-723D-4851-95AA-6875BC5C3736}.Debug|Any CPU.Build.0 = Debug|Any CPU
		{2F39E398-723D-4851-95AA-6875BC5C3736}.Release|Any CPU.ActiveCfg = Release|Any CPU
		{2F39E398-723D-4851-95AA-6875BC5C3736}.Release|Any CPU.Build.0 = Release|Any CPU
	EndGlobalSection
	GlobalSection(SolutionProperties) = preSolution
		HideSolutionNode = FALSE
	EndGlobalSection
	GlobalSection(ExtensibilityGlobals) = postSolution
		SolutionGuid = {846B7486-47EC-45F4-B279-C88FF3814595}
	EndGlobalSection
EndGlobal
